
Microsoft Visual Studio Solution File, Format Version 12.00
# Visual Studio Version 17
VisualStudioVersion = 17.14.36301.6
MinimumVisualStudioVersion = 10.0.40219.1
Project("{2150E333-8FDC-42A3-9474-1A3956D46DE8}") = "src", "src", "{02EA681E-C7D8-13C7-8484-4AC65E1B71E8}"
EndProject
Project("{FAE04EC0-301F-11D3-BF4B-00C04F79EFBC}") = "DiceGame", "DiceGame\DiceGame.csproj", "{B952A1E5-934E-4BD1-AFDE-CE993C9F851F}"
EndProject
Global
	GlobalSection(SolutionConfigurationPlatforms) = preSolution
		Debug|Any CPU = Debug|Any CPU
		Release|Any CPU = Release|Any CPU
	EndGlobalSection
	GlobalSection(ProjectConfigurationPlatforms) = postSolution
		{B952A1E5-934E-4BD1-AFDE-CE993C9F851F}.Debug|Any CPU.ActiveCfg = Debug|Any CPU
		{B952A1E5-934E-4BD1-AFDE-CE993C9F851F}.Debug|Any CPU.Build.0 = Debug|Any CPU
		{B952A1E5-934E-4BD1-AFDE-CE993C9F851F}.Release|Any CPU.ActiveCfg = Release|Any CPU
		{B952A1E5-934E-4BD1-AFDE-CE993C9F851F}.Release|Any CPU.Build.0 = Release|Any CPU
	EndGlobalSection
	GlobalSection(SolutionProperties) = preSolution
		HideSolutionNode = FALSE
	EndGlobalSection
	GlobalSection(NestedProjects) = preSolution
		{B952A1E5-934E-4BD1-AFDE-CE993C9F851F} = {02EA681E-C7D8-13C7-8484-4AC65E1B71E8}
	EndGlobalSection
	GlobalSection(ExtensibilityGlobals) = postSolution
		SolutionGuid = {4B5C5E8D-5B08-40E3-8D80-69AA29A4082B}
	EndGlobalSection
EndGlobal
